
Microsoft Visual Studio Solution File, Format Version 12.00
# Visual Studio Version 17
VisualStudioVersion = 17.12.35728.132 d17.12
MinimumVisualStudioVersion = 10.0.40219.1
Project("{FAE04EC0-301F-11D3-BF4B-00C04F79EFBC}") = "30333_Labs_Kravchenko.UI", "30333_Labs_Kravchenko.UI\30333_Labs_Kravchenko.UI.csproj", "{39D84BC1-BF92-4DCF-83B4-ABE2BE7CF270}"
EndProject
Project("{FAE04EC0-301F-11D3-BF4B-00C04F79EFBC}") = "30333_Labs_Kravchenko.Domain", "30333_Labs_Kravchenko.Domain\30333_Labs_Kravchenko.Domain.csproj", "{7801F6E3-E6A6-44B5-B531-04F9316D7D8E}"
EndProject
Global
	GlobalSection(SolutionConfigurationPlatforms) = preSolution
		Debug|Any CPU = Debug|Any CPU
		Release|Any CPU = Release|Any CPU
	EndGlobalSection
	GlobalSection(ProjectConfigurationPlatforms) = postSolution
		{39D84BC1-BF92-4DCF-83B4-ABE2BE7CF270}.Debug|Any CPU.ActiveCfg = Debug|Any CPU
		{39D84BC1-BF92-4DCF-83B4-ABE2BE7CF270}.Debug|Any CPU.Build.0 = Debug|Any CPU
		{39D84BC1-BF92-4DCF-83B4-ABE2BE7CF270}.Release|Any CPU.ActiveCfg = Release|Any CPU
		{39D84BC1-BF92-4DCF-83B4-ABE2BE7CF270}.Release|Any CPU.Build.0 = Release|Any CPU
		{7801F6E3-E6A6-44B5-B531-04F9316D7D8E}.Debug|Any CPU.ActiveCfg = Debug|Any CPU
		{7801F6E3-E6A6-44B5-B531-04F9316D7D8E}.Debug|Any CPU.Build.0 = Debug|Any CPU
		{7801F6E3-E6A6-44B5-B531-04F9316D7D8E}.Release|Any CPU.ActiveCfg = Release|Any CPU
		{7801F6E3-E6A6-44B5-B531-04F9316D7D8E}.Release|Any CPU.Build.0 = Release|Any CPU
	EndGlobalSection
	GlobalSection(SolutionProperties) = preSolution
		HideSolutionNode = FALSE
	EndGlobalSection
EndGlobal
